
Microsoft Visual Studio Solution File, Format Version 12.00
# Visual Studio Version 17
VisualStudioVersion = 17.3.32825.248
MinimumVisualStudioVersion = 10.0.40219.1
Project("{FAE04EC0-301F-11D3-BF4B-00C04F79EFBC}") = "VacationDaysCalculatorWebAPI", "VacationDaysCalculatorWebAPI\VacationDaysCalculatorWebAPI.csproj", "{D815036A-E67A-4F41-9D01-E93C46D4C0DB}"
EndProject
Global
	GlobalSection(SolutionConfigurationPlatforms) = preSolution
		Debug|Any CPU = Debug|Any CPU
		Release|Any CPU = Release|Any CPU
	EndGlobalSection
	GlobalSection(ProjectConfigurationPlatforms) = postSolution
		{D815036A-E67A-4F41-9D01-E93C46D4C0DB}.Debug|Any CPU.ActiveCfg = Debug|Any CPU
		{D815036A-E67A-4F41-9D01-E93C46D4C0DB}.Debug|Any CPU.Build.0 = Debug|Any CPU
		{D815036A-E67A-4F41-9D01-E93C46D4C0DB}.Release|Any CPU.ActiveCfg = Release|Any CPU
		{D815036A-E67A-4F41-9D01-E93C46D4C0DB}.Release|Any CPU.Build.0 = Release|Any CPU
	EndGlobalSection
	GlobalSection(SolutionProperties) = preSolution
		HideSolutionNode = FALSE
	EndGlobalSection
	GlobalSection(ExtensibilityGlobals) = postSolution
		SolutionGuid = {12FA3973-1329-4D7C-83CA-6F1EC2E33960}
	EndGlobalSection
EndGlobal
